
Microsoft Visual Studio Solution File, Format Version 12.00
# Visual Studio Version 17
VisualStudioVersion = 17.10.35027.167
MinimumVisualStudioVersion = 10.0.40219.1
Project("{FAE04EC0-301F-11D3-BF4B-00C04F79EFBC}") = "Classes_Structs_and_OOP", "Classes_Structs_and_OOP.csproj", "{48CE9ED2-7E44-4154-BE73-ED385C755EB5}"
EndProject
Global
	GlobalSection(SolutionConfigurationPlatforms) = preSolution
		Debug|Any CPU = Debug|Any CPU
		Release|Any CPU = Release|Any CPU
	EndGlobalSection
	GlobalSection(ProjectConfigurationPlatforms) = postSolution
		{48CE9ED2-7E44-4154-BE73-ED385C755EB5}.Debug|Any CPU.ActiveCfg = Debug|Any CPU
		{48CE9ED2-7E44-4154-BE73-ED385C755EB5}.Debug|Any CPU.Build.0 = Debug|Any CPU
		{48CE9ED2-7E44-4154-BE73-ED385C755EB5}.Release|Any CPU.ActiveCfg = Release|Any CPU
		{48CE9ED2-7E44-4154-BE73-ED385C755EB5}.Release|Any CPU.Build.0 = Release|Any CPU
	EndGlobalSection
	GlobalSection(SolutionProperties) = preSolution
		HideSolutionNode = FALSE
	EndGlobalSection
	GlobalSection(ExtensibilityGlobals) = postSolution
		SolutionGuid = {9E8F20A2-BADC-4B90-922D-35C2EF7DFD05}
	EndGlobalSection
EndGlobal
